{
  "name": "anony-mpp-client",
  "version": "1.0.18",
  "lockfileVersion": 2,
  "requires": true,
  "packages": {
    "": {
      "version": "1.0.18",
      "license": "ISC",
      "dependencies": {
        "anony-mpp-bot-js": "^1.0.0",
        "eventemitter3": "^4.0.7",
        "fs": "^0.0.1-security",
        "midi-player-js": "^2.0.16"
      }
    },
    "node_modules/anony-mpp-bot-js": {
      "version": "1.0.5",
      "resolved": "https://registry.npmjs.org/anony-mpp-bot-js/-/anony-mpp-bot-js-1.0.5.tgz",
      "integrity": "sha512-CV5wc7AdhdzOtGNo400KIg5r6o2lxhI15ZSs+lJSMJy28/Er8lVKOHeBH2pQpg/Vgla16V9ZaG8LRkks+wBg0A==",
      "dependencies": {
        "anony-mpp-bot-js": "^1.0.0",
        "fs": "^0.0.1-security",
        "midi-player-js": "^2.0.16"
      }
    },
    "node_modules/eventemitter3": {
      "version": "4.0.7",
      "resolved": "https://registry.npmjs.org/eventemitter3/-/eventemitter3-4.0.7.tgz",
      "integrity": "sha512-8guHBZCwKnFhYdHr2ysuRWErTwhoN2X8XELRlrRwpmfeY2jjuUN4taQMsULKUVo1K4DvZl+0pgfyoysHxvmvEw=="
    },
    "node_modules/fs": {
      "version": "0.0.1-security",
      "resolved": "https://registry.npmjs.org/fs/-/fs-0.0.1-security.tgz",
      "integrity": "sha512-3XY9e1pP0CVEUCdj5BmfIZxRBTSDycnbqhIOGec9QYtmVH2fbLpj86CFWkrNOkt/Fvty4KZG5lTglL9j/gJ87w=="
    },
    "node_modules/midi-player-js": {
      "version": "2.0.16",
      "resolved": "https://registry.npmjs.org/midi-player-js/-/midi-player-js-2.0.16.tgz",
      "integrity": "sha512-Y1yCRvvSjJjT5J4U8T4XTCDF1FLXtw8Otvq5BAmIob/2cj10aQUDrPDFByTWeuMRPu6/nLhusROc1DuTLCzRnw==",
      "hasInstallScript": true,
      "engines": {
        "node": ">=10.0.0"
      }
    }
  },
  "dependencies": {
    "anony-mpp-bot-js": {
      "version": "1.0.5",
      "resolved": "https://registry.npmjs.org/anony-mpp-bot-js/-/anony-mpp-bot-js-1.0.5.tgz",
      "integrity": "sha512-CV5wc7AdhdzOtGNo400KIg5r6o2lxhI15ZSs+lJSMJy28/Er8lVKOHeBH2pQpg/Vgla16V9ZaG8LRkks+wBg0A==",
      "requires": {
        "anony-mpp-bot-js": "^1.0.0",
        "fs": "^0.0.1-security",
        "midi-player-js": "^2.0.16"
      }
    },
    "eventemitter3": {
      "version": "4.0.7",
      "resolved": "https://registry.npmjs.org/eventemitter3/-/eventemitter3-4.0.7.tgz",
      "integrity": "sha512-8guHBZCwKnFhYdHr2ysuRWErTwhoN2X8XELRlrRwpmfeY2jjuUN4taQMsULKUVo1K4DvZl+0pgfyoysHxvmvEw=="
    },
    "fs": {
      "version": "0.0.1-security",
      "resolved": "https://registry.npmjs.org/fs/-/fs-0.0.1-security.tgz",
      "integrity": "sha512-3XY9e1pP0CVEUCdj5BmfIZxRBTSDycnbqhIOGec9QYtmVH2fbLpj86CFWkrNOkt/Fvty4KZG5lTglL9j/gJ87w=="
    },
    "midi-player-js": {
      "version": "2.0.16",
      "resolved": "https://registry.npmjs.org/midi-player-js/-/midi-player-js-2.0.16.tgz",
      "integrity": "sha512-Y1yCRvvSjJjT5J4U8T4XTCDF1FLXtw8Otvq5BAmIob/2cj10aQUDrPDFByTWeuMRPu6/nLhusROc1DuTLCzRnw=="
    }
  }
}
